
Microsoft Visual Studio Solution File, Format Version 12.00
# Visual Studio Version 17
VisualStudioVersion = 17.5.002.0
MinimumVisualStudioVersion = 10.0.40219.1
Project("{9A19103F-16F7-4668-BE54-9A1E7A4F7556}") = "DesafioPOO", "DesafioPOO.csproj", "{C6AB918C-7681-4441-AD88-9C38A5B1AB4C}"
EndProject
Global
	GlobalSection(SolutionConfigurationPlatforms) = preSolution
		Debug|Any CPU = Debug|Any CPU
		Release|Any CPU = Release|Any CPU
	EndGlobalSection
	GlobalSection(ProjectConfigurationPlatforms) = postSolution
		{C6AB918C-7681-4441-AD88-9C38A5B1AB4C}.Debug|Any CPU.ActiveCfg = Debug|Any CPU
		{C6AB918C-7681-4441-AD88-9C38A5B1AB4C}.Debug|Any CPU.Build.0 = Debug|Any CPU
		{C6AB918C-7681-4441-AD88-9C38A5B1AB4C}.Release|Any CPU.ActiveCfg = Release|Any CPU
		{C6AB918C-7681-4441-AD88-9C38A5B1AB4C}.Release|Any CPU.Build.0 = Release|Any CPU
	EndGlobalSection
	GlobalSection(SolutionProperties) = preSolution
		HideSolutionNode = FALSE
	EndGlobalSection
	GlobalSection(ExtensibilityGlobals) = postSolution
		SolutionGuid = {C87C2EFE-E2CA-4F9B-9DD2-33903820D0DC}
	EndGlobalSection
EndGlobal
